
Microsoft Visual Studio Solution File, Format Version 12.00
# Visual Studio Version 16
VisualStudioVersion = 16.0.31702.278
MinimumVisualStudioVersion = 10.0.40219.1
Project("{FAE04EC0-301F-11D3-BF4B-00C04F79EFBC}") = "KokotLab3Taib", "KokotLab3Taib\KokotLab3Taib.csproj", "{66F6D326-A286-42FB-9D3D-D20AAEFEA25E}"
EndProject
Project("{FAE04EC0-301F-11D3-BF4B-00C04F79EFBC}") = "Models", "Models\Models.csproj", "{2ECB90DD-F9F4-4285-BEE9-69606C771190}"
EndProject
Project("{FAE04EC0-301F-11D3-BF4B-00C04F79EFBC}") = "Services", "Services\Services.csproj", "{B74614CE-7A1E-4FCE-89BB-0A2473E249B3}"
EndProject
Global
	GlobalSection(SolutionConfigurationPlatforms) = preSolution
		Debug|Any CPU = Debug|Any CPU
		Release|Any CPU = Release|Any CPU
	EndGlobalSection
	GlobalSection(ProjectConfigurationPlatforms) = postSolution
		{66F6D326-A286-42FB-9D3D-D20AAEFEA25E}.Debug|Any CPU.ActiveCfg = Debug|Any CPU
		{66F6D326-A286-42FB-9D3D-D20AAEFEA25E}.Debug|Any CPU.Build.0 = Debug|Any CPU
		{66F6D326-A286-42FB-9D3D-D20AAEFEA25E}.Release|Any CPU.ActiveCfg = Release|Any CPU
		{66F6D326-A286-42FB-9D3D-D20AAEFEA25E}.Release|Any CPU.Build.0 = Release|Any CPU
		{2ECB90DD-F9F4-4285-BEE9-69606C771190}.Debug|Any CPU.ActiveCfg = Debug|Any CPU
		{2ECB90DD-F9F4-4285-BEE9-69606C771190}.Debug|Any CPU.Build.0 = Debug|Any CPU
		{2ECB90DD-F9F4-4285-BEE9-69606C771190}.Release|Any CPU.ActiveCfg = Release|Any CPU
		{2ECB90DD-F9F4-4285-BEE9-69606C771190}.Release|Any CPU.Build.0 = Release|Any CPU
		{B74614CE-7A1E-4FCE-89BB-0A2473E249B3}.Debug|Any CPU.ActiveCfg = Debug|Any CPU
		{B74614CE-7A1E-4FCE-89BB-0A2473E249B3}.Debug|Any CPU.Build.0 = Debug|Any CPU
		{B74614CE-7A1E-4FCE-89BB-0A2473E249B3}.Release|Any CPU.ActiveCfg = Release|Any CPU
		{B74614CE-7A1E-4FCE-89BB-0A2473E249B3}.Release|Any CPU.Build.0 = Release|Any CPU
	EndGlobalSection
	GlobalSection(SolutionProperties) = preSolution
		HideSolutionNode = FALSE
	EndGlobalSection
	GlobalSection(ExtensibilityGlobals) = postSolution
		SolutionGuid = {91EA27AA-1323-4CC0-A873-C693F4D5DFB5}
	EndGlobalSection
EndGlobal
